
Microsoft Visual Studio Solution File, Format Version 12.00
# Visual Studio 15
VisualStudioVersion = 15.0.28010.2003
MinimumVisualStudioVersion = 10.0.40219.1
Project("{FAE04EC0-301F-11D3-BF4B-00C04F79EFBC}") = "day3", "day3\day3.csproj", "{4B0CDE9F-1DAF-4D3C-93AF-3F0D2E0A49F4}"
EndProject
Project("{FAE04EC0-301F-11D3-BF4B-00C04F79EFBC}") = "HashTableTest", "HashTableTest\HashTableTest.csproj", "{CA54F6A7-3643-4636-B488-5D13F812CF28}"
EndProject
Project("{FAE04EC0-301F-11D3-BF4B-00C04F79EFBC}") = "LAB1", "LAB1\LAB1.csproj", "{7FBB24C1-6BD0-4D2A-A181-8F9F61DEF1F8}"
EndProject
Project("{FAE04EC0-301F-11D3-BF4B-00C04F79EFBC}") = "opOverloadingTest", "opOverloadingTest\opOverloadingTest.csproj", "{E603B5F2-46C2-4C9B-86AD-D9CEFFD8CE25}"
EndProject
Project("{FAE04EC0-301F-11D3-BF4B-00C04F79EFBC}") = "indexerTest", "indexerTest\indexerTest.csproj", "{EB71D59B-8952-4A4B-BFB5-3A268BD76C3B}"
EndProject
Project("{FAE04EC0-301F-11D3-BF4B-00C04F79EFBC}") = "LAB2", "LAB2\LAB2.csproj", "{2E73E187-1F0E-4BB9-9359-3A53C3D492C7}"
EndProject
Project("{FAE04EC0-301F-11D3-BF4B-00C04F79EFBC}") = "AttributeTest", "AttributeTest\AttributeTest.csproj", "{C4121085-56E5-4EB1-A6B9-D3887753A279}"
EndProject
Project("{FAE04EC0-301F-11D3-BF4B-00C04F79EFBC}") = "DelegateTest", "DelegateTest\DelegateTest.csproj", "{191364C3-80FE-4555-809B-15359B63CD17}"
EndProject
Project("{FAE04EC0-301F-11D3-BF4B-00C04F79EFBC}") = "Delegate_EX1", "Delegate_EX\Delegate_EX1.csproj", "{FC00BA3E-69EC-46D2-9C1B-E10952E29551}"
EndProject
Project("{FAE04EC0-301F-11D3-BF4B-00C04F79EFBC}") = "Delegate_EX2", "Delegate_EX2\Delegate_EX2.csproj", "{CFB54FB8-9148-4A7B-916D-6952C66DAC65}"
EndProject
Project("{FAE04EC0-301F-11D3-BF4B-00C04F79EFBC}") = "Delegate_EX3", "Delegate_EX3\Delegate_EX3.csproj", "{6ABE7F30-44F9-4D26-815C-3AF57CA460A3}"
EndProject
Project("{FAE04EC0-301F-11D3-BF4B-00C04F79EFBC}") = "LAB3", "LB3\LAB3.csproj", "{640CCDC0-01A6-40D3-9656-6DB526803580}"
EndProject
Project("{FAE04EC0-301F-11D3-BF4B-00C04F79EFBC}") = "LAB4", "LAB4\LAB4.csproj", "{20F7EBAB-F236-4777-9BBC-34C8ABAAAABF}"
EndProject
Project("{FAE04EC0-301F-11D3-BF4B-00C04F79EFBC}") = "EventTest", "EventTest\EventTest.csproj", "{795D8958-C1C3-4693-A7DD-D585A6B56F0B}"
EndProject
Project("{FAE04EC0-301F-11D3-BF4B-00C04F79EFBC}") = "LamdaTest", "LamdaTest\LamdaTest.csproj", "{69F38432-BEB5-42F4-8402-F0E2F1F0261B}"
EndProject
Project("{FAE04EC0-301F-11D3-BF4B-00C04F79EFBC}") = "LamdaTest2", "LamdaTest2\LamdaTest2.csproj", "{9B373C20-1F38-492F-A308-988CB6EEC1D2}"
EndProject
Project("{FAE04EC0-301F-11D3-BF4B-00C04F79EFBC}") = "FucnTest", "FucnTest\FucnTest.csproj", "{1D2EEF17-6D9A-4F1E-8157-4BD6FC72AB31}"
EndProject
Project("{FAE04EC0-301F-11D3-BF4B-00C04F79EFBC}") = "ActionTest", "ActionTest\ActionTest.csproj", "{9BF44437-59F1-4394-A043-23699FFC42C4}"
EndProject
Project("{FAE04EC0-301F-11D3-BF4B-00C04F79EFBC}") = "LINQTest", "LINQTest\LINQTest.csproj", "{5A6E3061-E3C8-4CD7-BF53-62302A634A26}"
EndProject
Project("{FAE04EC0-301F-11D3-BF4B-00C04F79EFBC}") = "ThreadTest", "ThreadTest\ThreadTest.csproj", "{C82B3C6C-3E0E-4ED2-85FD-B1FCEB7C04CD}"
EndProject
Global
	GlobalSection(SolutionConfigurationPlatforms) = preSolution
		Debug|Any CPU = Debug|Any CPU
		Release|Any CPU = Release|Any CPU
	EndGlobalSection
	GlobalSection(ProjectConfigurationPlatforms) = postSolution
		{4B0CDE9F-1DAF-4D3C-93AF-3F0D2E0A49F4}.Debug|Any CPU.ActiveCfg = Debug|Any CPU
		{4B0CDE9F-1DAF-4D3C-93AF-3F0D2E0A49F4}.Debug|Any CPU.Build.0 = Debug|Any CPU
		{4B0CDE9F-1DAF-4D3C-93AF-3F0D2E0A49F4}.Release|Any CPU.ActiveCfg = Release|Any CPU
		{4B0CDE9F-1DAF-4D3C-93AF-3F0D2E0A49F4}.Release|Any CPU.Build.0 = Release|Any CPU
		{CA54F6A7-3643-4636-B488-5D13F812CF28}.Debug|Any CPU.ActiveCfg = Debug|Any CPU
		{CA54F6A7-3643-4636-B488-5D13F812CF28}.Debug|Any CPU.Build.0 = Debug|Any CPU
		{CA54F6A7-3643-4636-B488-5D13F812CF28}.Release|Any CPU.ActiveCfg = Release|Any CPU
		{CA54F6A7-3643-4636-B488-5D13F812CF28}.Release|Any CPU.Build.0 = Release|Any CPU
		{7FBB24C1-6BD0-4D2A-A181-8F9F61DEF1F8}.Debug|Any CPU.ActiveCfg = Debug|Any CPU
		{7FBB24C1-6BD0-4D2A-A181-8F9F61DEF1F8}.Debug|Any CPU.Build.0 = Debug|Any CPU
		{7FBB24C1-6BD0-4D2A-A181-8F9F61DEF1F8}.Release|Any CPU.ActiveCfg = Release|Any CPU
		{7FBB24C1-6BD0-4D2A-A181-8F9F61DEF1F8}.Release|Any CPU.Build.0 = Release|Any CPU
		{E603B5F2-46C2-4C9B-86AD-D9CEFFD8CE25}.Debug|Any CPU.ActiveCfg = Debug|Any CPU
		{E603B5F2-46C2-4C9B-86AD-D9CEFFD8CE25}.Debug|Any CPU.Build.0 = Debug|Any CPU
		{E603B5F2-46C2-4C9B-86AD-D9CEFFD8CE25}.Release|Any CPU.ActiveCfg = Release|Any CPU
		{E603B5F2-46C2-4C9B-86AD-D9CEFFD8CE25}.Release|Any CPU.Build.0 = Release|Any CPU
		{EB71D59B-8952-4A4B-BFB5-3A268BD76C3B}.Debug|Any CPU.ActiveCfg = Debug|Any CPU
		{EB71D59B-8952-4A4B-BFB5-3A268BD76C3B}.Debug|Any CPU.Build.0 = Debug|Any CPU
		{EB71D59B-8952-4A4B-BFB5-3A268BD76C3B}.Release|Any CPU.ActiveCfg = Release|Any CPU
		{EB71D59B-8952-4A4B-BFB5-3A268BD76C3B}.Release|Any CPU.Build.0 = Release|Any CPU
		{2E73E187-1F0E-4BB9-9359-3A53C3D492C7}.Debug|Any CPU.ActiveCfg = Debug|Any CPU
		{2E73E187-1F0E-4BB9-9359-3A53C3D492C7}.Debug|Any CPU.Build.0 = Debug|Any CPU
		{2E73E187-1F0E-4BB9-9359-3A53C3D492C7}.Release|Any CPU.ActiveCfg = Release|Any CPU
		{2E73E187-1F0E-4BB9-9359-3A53C3D492C7}.Release|Any CPU.Build.0 = Release|Any CPU
		{C4121085-56E5-4EB1-A6B9-D3887753A279}.Debug|Any CPU.ActiveCfg = Debug|Any CPU
		{C4121085-56E5-4EB1-A6B9-D3887753A279}.Debug|Any CPU.Build.0 = Debug|Any CPU
		{C4121085-56E5-4EB1-A6B9-D3887753A279}.Release|Any CPU.ActiveCfg = Release|Any CPU
		{C4121085-56E5-4EB1-A6B9-D3887753A279}.Release|Any CPU.Build.0 = Release|Any CPU
		{191364C3-80FE-4555-809B-15359B63CD17}.Debug|Any CPU.ActiveCfg = Debug|Any CPU
		{191364C3-80FE-4555-809B-15359B63CD17}.Debug|Any CPU.Build.0 = Debug|Any CPU
		{191364C3-80FE-4555-809B-15359B63CD17}.Release|Any CPU.ActiveCfg = Release|Any CPU
		{191364C3-80FE-4555-809B-15359B63CD17}.Release|Any CPU.Build.0 = Release|Any CPU
		{FC00BA3E-69EC-46D2-9C1B-E10952E29551}.Debug|Any CPU.ActiveCfg = Debug|Any CPU
		{FC00BA3E-69EC-46D2-9C1B-E10952E29551}.Debug|Any CPU.Build.0 = Debug|Any CPU
		{FC00BA3E-69EC-46D2-9C1B-E10952E29551}.Release|Any CPU.ActiveCfg = Release|Any CPU
		{FC00BA3E-69EC-46D2-9C1B-E10952E29551}.Release|Any CPU.Build.0 = Release|Any CPU
		{CFB54FB8-9148-4A7B-916D-6952C66DAC65}.Debug|Any CPU.ActiveCfg = Debug|Any CPU
		{CFB54FB8-9148-4A7B-916D-6952C66DAC65}.Debug|Any CPU.Build.0 = Debug|Any CPU
		{CFB54FB8-9148-4A7B-916D-6952C66DAC65}.Release|Any CPU.ActiveCfg = Release|Any CPU
		{CFB54FB8-9148-4A7B-916D-6952C66DAC65}.Release|Any CPU.Build.0 = Release|Any CPU
		{6ABE7F30-44F9-4D26-815C-3AF57CA460A3}.Debug|Any CPU.ActiveCfg = Debug|Any CPU
		{6ABE7F30-44F9-4D26-815C-3AF57CA460A3}.Debug|Any CPU.Build.0 = Debug|Any CPU
		{6ABE7F30-44F9-4D26-815C-3AF57CA460A3}.Release|Any CPU.ActiveCfg = Release|Any CPU
		{6ABE7F30-44F9-4D26-815C-3AF57CA460A3}.Release|Any CPU.Build.0 = Release|Any CPU
		{640CCDC0-01A6-40D3-9656-6DB526803580}.Debug|Any CPU.ActiveCfg = Debug|Any CPU
		{640CCDC0-01A6-40D3-9656-6DB526803580}.Debug|Any CPU.Build.0 = Debug|Any CPU
		{640CCDC0-01A6-40D3-9656-6DB526803580}.Release|Any CPU.ActiveCfg = Release|Any CPU
		{640CCDC0-01A6-40D3-9656-6DB526803580}.Release|Any CPU.Build.0 = Release|Any CPU
		{20F7EBAB-F236-4777-9BBC-34C8ABAAAABF}.Debug|Any CPU.ActiveCfg = Debug|Any CPU
		{20F7EBAB-F236-4777-9BBC-34C8ABAAAABF}.Debug|Any CPU.Build.0 = Debug|Any CPU
		{20F7EBAB-F236-4777-9BBC-34C8ABAAAABF}.Release|Any CPU.ActiveCfg = Release|Any CPU
		{20F7EBAB-F236-4777-9BBC-34C8ABAAAABF}.Release|Any CPU.Build.0 = Release|Any CPU
		{795D8958-C1C3-4693-A7DD-D585A6B56F0B}.Debug|Any CPU.ActiveCfg = Debug|Any CPU
		{795D8958-C1C3-4693-A7DD-D585A6B56F0B}.Debug|Any CPU.Build.0 = Debug|Any CPU
		{795D8958-C1C3-4693-A7DD-D585A6B56F0B}.Release|Any CPU.ActiveCfg = Release|Any CPU
		{795D8958-C1C3-4693-A7DD-D585A6B56F0B}.Release|Any CPU.Build.0 = Release|Any CPU
		{69F38432-BEB5-42F4-8402-F0E2F1F0261B}.Debug|Any CPU.ActiveCfg = Debug|Any CPU
		{69F38432-BEB5-42F4-8402-F0E2F1F0261B}.Debug|Any CPU.Build.0 = Debug|Any CPU
		{69F38432-BEB5-42F4-8402-F0E2F1F0261B}.Release|Any CPU.ActiveCfg = Release|Any CPU
		{69F38432-BEB5-42F4-8402-F0E2F1F0261B}.Release|Any CPU.Build.0 = Release|Any CPU
		{9B373C20-1F38-492F-A308-988CB6EEC1D2}.Debug|Any CPU.ActiveCfg = Debug|Any CPU
		{9B373C20-1F38-492F-A308-988CB6EEC1D2}.Debug|Any CPU.Build.0 = Debug|Any CPU
		{9B373C20-1F38-492F-A308-988CB6EEC1D2}.Release|Any CPU.ActiveCfg = Release|Any CPU
		{9B373C20-1F38-492F-A308-988CB6EEC1D2}.Release|Any CPU.Build.0 = Release|Any CPU
		{1D2EEF17-6D9A-4F1E-8157-4BD6FC72AB31}.Debug|Any CPU.ActiveCfg = Debug|Any CPU
		{1D2EEF17-6D9A-4F1E-8157-4BD6FC72AB31}.Debug|Any CPU.Build.0 = Debug|Any CPU
		{1D2EEF17-6D9A-4F1E-8157-4BD6FC72AB31}.Release|Any CPU.ActiveCfg = Release|Any CPU
		{1D2EEF17-6D9A-4F1E-8157-4BD6FC72AB31}.Release|Any CPU.Build.0 = Release|Any CPU
		{9BF44437-59F1-4394-A043-23699FFC42C4}.Debug|Any CPU.ActiveCfg = Debug|Any CPU
		{9BF44437-59F1-4394-A043-23699FFC42C4}.Debug|Any CPU.Build.0 = Debug|Any CPU
		{9BF44437-59F1-4394-A043-23699FFC42C4}.Release|Any CPU.ActiveCfg = Release|Any CPU
		{9BF44437-59F1-4394-A043-23699FFC42C4}.Release|Any CPU.Build.0 = Release|Any CPU
		{5A6E3061-E3C8-4CD7-BF53-62302A634A26}.Debug|Any CPU.ActiveCfg = Debug|Any CPU
		{5A6E3061-E3C8-4CD7-BF53-62302A634A26}.Debug|Any CPU.Build.0 = Debug|Any CPU
		{5A6E3061-E3C8-4CD7-BF53-62302A634A26}.Release|Any CPU.ActiveCfg = Release|Any CPU
		{5A6E3061-E3C8-4CD7-BF53-62302A634A26}.Release|Any CPU.Build.0 = Release|Any CPU
		{C82B3C6C-3E0E-4ED2-85FD-B1FCEB7C04CD}.Debug|Any CPU.ActiveCfg = Debug|Any CPU
		{C82B3C6C-3E0E-4ED2-85FD-B1FCEB7C04CD}.Debug|Any CPU.Build.0 = Debug|Any CPU
		{C82B3C6C-3E0E-4ED2-85FD-B1FCEB7C04CD}.Release|Any CPU.ActiveCfg = Release|Any CPU
		{C82B3C6C-3E0E-4ED2-85FD-B1FCEB7C04CD}.Release|Any CPU.Build.0 = Release|Any CPU
	EndGlobalSection
	GlobalSection(SolutionProperties) = preSolution
		HideSolutionNode = FALSE
	EndGlobalSection
	GlobalSection(ExtensibilityGlobals) = postSolution
		SolutionGuid = {361A998C-334E-4FC7-BC5D-44E8ECF92052}
	EndGlobalSection
EndGlobal
